
Microsoft Visual Studio Solution File, Format Version 12.00
# Visual Studio Version 17
VisualStudioVersion = 17.5.33424.131
MinimumVisualStudioVersion = 10.0.40219.1
Project("{FAE04EC0-301F-11D3-BF4B-00C04F79EFBC}") = "Presentia", "Presentia.csproj", "{7BF7E1DE-809B-4B3C-9241-7764226948B2}"
EndProject
Global
	GlobalSection(SolutionConfigurationPlatforms) = preSolution
		Debug|Any CPU = Debug|Any CPU
		Release|Any CPU = Release|Any CPU
	EndGlobalSection
	GlobalSection(ProjectConfigurationPlatforms) = postSolution
		{7BF7E1DE-809B-4B3C-9241-7764226948B2}.Debug|Any CPU.ActiveCfg = Debug|Any CPU
		{7BF7E1DE-809B-4B3C-9241-7764226948B2}.Debug|Any CPU.Build.0 = Debug|Any CPU
		{7BF7E1DE-809B-4B3C-9241-7764226948B2}.Release|Any CPU.ActiveCfg = Release|Any CPU
		{7BF7E1DE-809B-4B3C-9241-7764226948B2}.Release|Any CPU.Build.0 = Release|Any CPU
	EndGlobalSection
	GlobalSection(SolutionProperties) = preSolution
		HideSolutionNode = FALSE
	EndGlobalSection
	GlobalSection(ExtensibilityGlobals) = postSolution
		SolutionGuid = {973E1AE8-79E1-41F1-9C96-4712C6562945}
	EndGlobalSection
EndGlobal
